{
    "name": "基于云开发的电子名片-CxCloud",
    "version": "1.0.1",
    "lockfileVersion": 1,
    "requires": true,
    "dependencies": {
        "uview-ui": {
            "version": "2.0.10",
            "resolved": "https://registry.npmjs.org/uview-ui/-/uview-ui-2.0.10.tgz",
            "integrity": "sha512-O6gonHabyjBqZrTNS9ejAyUrcdSoXJeVcGHFflG4DsDi2Pahrh+ydoB/lDq2tMIvt2W2veMyShXVMnmruEWkrA=="
        }
    }
}
